PODS:
  - Alamofire (4.9.0)
  - AlamofireImage (3.5.2):
    - Alamofire (~> 4.8)
  - MarqueeLabel/Swift (3.2.1)
  - SVProgressHUD (2.2.5)
  - SwiftyJSON (5.0.0)

DEPENDENCIES:
  - Alamofire
  - AlamofireImage
  - MarqueeLabel/Swift
  - SVProgressHUD
  - SwiftyJSON

SPEC REPOS:
  https://github.com/cocoapods/specs.git:
    - Alamofire
    - AlamofireImage
    - MarqueeLabel
    - SVProgressHUD
    - SwiftyJSON

SPEC CHECKSUMS:
  Alamofire: afc3e7c6db61476cb45cdd23fed06bad03bbc321
  AlamofireImage: 63cfe3baf1370be6c498149687cf6db3e3b00999
  MarqueeLabel: 2daf039bf916937c8a4c9adfc13577cc5e51b4ce
  SVProgressHUD: 1428aafac632c1f86f62aa4243ec12008d7a51d6
  SwiftyJSON: 36413e04c44ee145039d332b4f4e2d3e8d6c4db7

PODFILE CHECKSUM: 3f60a590237e0db499651faa8b6eac2206f966bd

COCOAPODS: 1.7.5
